
Microsoft Visual Studio Solution File, Format Version 12.00
# Visual Studio Version 17
VisualStudioVersion = 17.11.35327.3
MinimumVisualStudioVersion = 10.0.40219.1
Project("{9A19103F-16F7-4668-BE54-9A1E7A4F7556}") = "Portfolio", "Portfolio\Portfolio.csproj", "{BBAF7AAD-C6DB-4118-BEB2-7B8DA8D4DB27}"
EndProject
Project("{FAE04EC0-301F-11D3-BF4B-00C04F79EFBC}") = "Portfolio.DataAccess", "Portfolio.DataAccess\Portfolio.DataAccess.csproj", "{791D181B-B944-4CD0-BB51-4F420B9EF21A}"
EndProject
Project("{FAE04EC0-301F-11D3-BF4B-00C04F79EFBC}") = "Portfolio.Models", "Portfolio.Models\Portfolio.Models.csproj", "{250B4AFE-369E-4178-84E7-54DEB632AB32}"
EndProject
Global
	GlobalSection(SolutionConfigurationPlatforms) = preSolution
		Debug|Any CPU = Debug|Any CPU
		Release|Any CPU = Release|Any CPU
	EndGlobalSection
	GlobalSection(ProjectConfigurationPlatforms) = postSolution
		{BBAF7AAD-C6DB-4118-BEB2-7B8DA8D4DB27}.Debug|Any CPU.ActiveCfg = Debug|Any CPU
		{BBAF7AAD-C6DB-4118-BEB2-7B8DA8D4DB27}.Debug|Any CPU.Build.0 = Debug|Any CPU
		{BBAF7AAD-C6DB-4118-BEB2-7B8DA8D4DB27}.Release|Any CPU.ActiveCfg = Release|Any CPU
		{BBAF7AAD-C6DB-4118-BEB2-7B8DA8D4DB27}.Release|Any CPU.Build.0 = Release|Any CPU
		{791D181B-B944-4CD0-BB51-4F420B9EF21A}.Debug|Any CPU.ActiveCfg = Debug|Any CPU
		{791D181B-B944-4CD0-BB51-4F420B9EF21A}.Debug|Any CPU.Build.0 = Debug|Any CPU
		{791D181B-B944-4CD0-BB51-4F420B9EF21A}.Release|Any CPU.ActiveCfg = Release|Any CPU
		{791D181B-B944-4CD0-BB51-4F420B9EF21A}.Release|Any CPU.Build.0 = Release|Any CPU
		{250B4AFE-369E-4178-84E7-54DEB632AB32}.Debug|Any CPU.ActiveCfg = Debug|Any CPU
		{250B4AFE-369E-4178-84E7-54DEB632AB32}.Debug|Any CPU.Build.0 = Debug|Any CPU
		{250B4AFE-369E-4178-84E7-54DEB632AB32}.Release|Any CPU.ActiveCfg = Release|Any CPU
		{250B4AFE-369E-4178-84E7-54DEB632AB32}.Release|Any CPU.Build.0 = Release|Any CPU
	EndGlobalSection
	GlobalSection(SolutionProperties) = preSolution
		HideSolutionNode = FALSE
	EndGlobalSection
	GlobalSection(ExtensibilityGlobals) = postSolution
		SolutionGuid = {8F99E7AB-A09C-44D9-A36A-3299E5C7821B}
	EndGlobalSection
EndGlobal
